
Microsoft Visual Studio Solution File, Format Version 12.00
# Visual Studio 15
VisualStudioVersion = 15.0.26124.0
MinimumVisualStudioVersion = 15.0.26124.0
Project("{9A19103F-16F7-4668-BE54-9A1E7A4F7556}") = "CoreWebAPI", "CoreWebAPI\CoreWebAPI.csproj", "{DC498A67-69DF-4EE5-8E55-D16AFD926943}"
EndProject
Project("{9A19103F-16F7-4668-BE54-9A1E7A4F7556}") = "LudoGameEngine", "..\..\LudoGameEngine\LudoGameEngine\LudoGameEngine.csproj", "{7CFCA6F2-8489-4FAE-B10D-D3852E274D63}"
EndProject
Global
	GlobalSection(SolutionConfigurationPlatforms) = preSolution
		Debug|Any CPU = Debug|Any CPU
		Debug|x64 = Debug|x64
		Debug|x86 = Debug|x86
		Release|Any CPU = Release|Any CPU
		Release|x64 = Release|x64
		Release|x86 = Release|x86
	EndGlobalSection
	GlobalSection(ProjectConfigurationPlatforms) = postSolution
		{DC498A67-69DF-4EE5-8E55-D16AFD926943}.Debug|Any CPU.ActiveCfg = Debug|Any CPU
		{DC498A67-69DF-4EE5-8E55-D16AFD926943}.Debug|Any CPU.Build.0 = Debug|Any CPU
		{DC498A67-69DF-4EE5-8E55-D16AFD926943}.Debug|x64.ActiveCfg = Debug|Any CPU
		{DC498A67-69DF-4EE5-8E55-D16AFD926943}.Debug|x64.Build.0 = Debug|Any CPU
		{DC498A67-69DF-4EE5-8E55-D16AFD926943}.Debug|x86.ActiveCfg = Debug|Any CPU
		{DC498A67-69DF-4EE5-8E55-D16AFD926943}.Debug|x86.Build.0 = Debug|Any CPU
		{DC498A67-69DF-4EE5-8E55-D16AFD926943}.Release|Any CPU.ActiveCfg = Release|Any CPU
		{DC498A67-69DF-4EE5-8E55-D16AFD926943}.Release|Any CPU.Build.0 = Release|Any CPU
		{DC498A67-69DF-4EE5-8E55-D16AFD926943}.Release|x64.ActiveCfg = Release|Any CPU
		{DC498A67-69DF-4EE5-8E55-D16AFD926943}.Release|x64.Build.0 = Release|Any CPU
		{DC498A67-69DF-4EE5-8E55-D16AFD926943}.Release|x86.ActiveCfg = Release|Any CPU
		{DC498A67-69DF-4EE5-8E55-D16AFD926943}.Release|x86.Build.0 = Release|Any CPU
		{7CFCA6F2-8489-4FAE-B10D-D3852E274D63}.Debug|Any CPU.ActiveCfg = Debug|Any CPU
		{7CFCA6F2-8489-4FAE-B10D-D3852E274D63}.Debug|Any CPU.Build.0 = Debug|Any CPU
		{7CFCA6F2-8489-4FAE-B10D-D3852E274D63}.Debug|x64.ActiveCfg = Debug|Any CPU
		{7CFCA6F2-8489-4FAE-B10D-D3852E274D63}.Debug|x64.Build.0 = Debug|Any CPU
		{7CFCA6F2-8489-4FAE-B10D-D3852E274D63}.Debug|x86.ActiveCfg = Debug|Any CPU
		{7CFCA6F2-8489-4FAE-B10D-D3852E274D63}.Debug|x86.Build.0 = Debug|Any CPU
		{7CFCA6F2-8489-4FAE-B10D-D3852E274D63}.Release|Any CPU.ActiveCfg = Release|Any CPU
		{7CFCA6F2-8489-4FAE-B10D-D3852E274D63}.Release|Any CPU.Build.0 = Release|Any CPU
		{7CFCA6F2-8489-4FAE-B10D-D3852E274D63}.Release|x64.ActiveCfg = Release|Any CPU
		{7CFCA6F2-8489-4FAE-B10D-D3852E274D63}.Release|x64.Build.0 = Release|Any CPU
		{7CFCA6F2-8489-4FAE-B10D-D3852E274D63}.Release|x86.ActiveCfg = Release|Any CPU
		{7CFCA6F2-8489-4FAE-B10D-D3852E274D63}.Release|x86.Build.0 = Release|Any CPU
	EndGlobalSection
	GlobalSection(SolutionProperties) = preSolution
		HideSolutionNode = FALSE
	EndGlobalSection
	GlobalSection(ExtensibilityGlobals) = postSolution
		SolutionGuid = {366606C8-EB9B-42DF-847F-7CDDE57DE972}
	EndGlobalSection
EndGlobal
